// !$*UTF8*$!
{
	archiveVersion = 1;
	classes = {
	};
	objectVersion = 77;
	objects = {

/* Begin PBXBuildFile section */
		0732CB87E285232D2AB66B2A /* TimerScreen.swift in Sources */ = {isa = PBXBuildFile; fileRef = DD965EE3C2AC1CE7E68FF2EF /* TimerScreen.swift */; };
		07747E3124979A3F8FDBAF6D /* Opener.swift in Sources */ = {isa = PBXBuildFile; fileRef = DB8D25B85BE22DF85EA519F0 /* Opener.swift */; };
		0A5C9CE8637514C25922F50E /* AppIndex.swift in Sources */ = {isa = PBXBuildFile; fileRef = 0F263C9C21051B7D17A410BD /* AppIndex.swift */; };
		112328CDD00D829D12476469 /* AnswerScreen.swift in Sources */ = {isa = PBXBuildFile; fileRef = 9AC70350CCE7BC9E79DDCF05 /* AnswerScreen.swift */; };
		143F13A7C6D83EB4B2040655 /* BrochachoCore in Frameworks */ = {isa = PBXBuildFile; productRef = F30797B154EE6794DC25DE3F /* BrochachoCore */; };
		1668BB39BAF83CC943B2F80D /* Brain.swift in Sources */ = {isa = PBXBuildFile; fileRef = 7B22B9D9AB13763D4C5DDC94 /* Brain.swift */; };
		1D776E48BA5817AC61A7939F /* ScreenRotator.swift in Sources */ = {isa = PBXBuildFile; fileRef = 3241D1C4BC2F559AE0597EDF /* ScreenRotator.swift */; };
		27DE230E0955F6D685B6DF2E /* NotchSensor.swift in Sources */ = {isa = PBXBuildFile; fileRef = 14915ED8F23A7E43FA2DC473 /* NotchSensor.swift */; };
		2C793EFC3B7A6A0F61250471 /* NotchRootView.swift in Sources */ = {isa = PBXBuildFile; fileRef = 65E2E330FBBE845910C5D42B /* NotchRootView.swift */; };
		3A05091D044AB5FCD0494C2D /* IBMPlexMono-Regular.ttf in Resources */ = {isa = PBXBuildFile; fileRef = 32D421C1069E6051F3AFEC3A /* IBMPlexMono-Regular.ttf */; };
		3D7C17C7C827804C2678387C /* DynamicNotchKit in Frameworks */ = {isa = PBXBuildFile; productRef = A4E8DDD2ADA3D6B9E74F739E /* DynamicNotchKit */; };
		3F5746F57618D729634F3C16 /* Theme.swift in Sources */ = {isa = PBXBuildFile; fileRef = 969E69220C1BAA7DADE04503 /* Theme.swift */; };
		412443DE1915870E0FEBB981 /* open.wav in Resources */ = {isa = PBXBuildFile; fileRef = B0FAAAFDF8B39FAE9E3DCC7F /* open.wav */; };
		41E5719811704875C190FB87 /* lines.json in Resources */ = {isa = PBXBuildFile; fileRef = 9B8978B7328CE17D96C0A0A2 /* lines.json */; };
		45080DAFAAA78B5CD467A42E /* GlanceScreen.swift in Sources */ = {isa = PBXBuildFile; fileRef = 1B4DE10B972177024AB22077 /* GlanceScreen.swift */; };
		502444CE30724A7F355F342B /* NotchModel.swift in Sources */ = {isa = PBXBuildFile; fileRef = CF9D19B097100290B6DA6955 /* NotchModel.swift */; };
		515C0F02AD9A13CDC59A26F7 /* done.wav in Resources */ = {isa = PBXBuildFile; fileRef = AA2724C9EE01C857C37254FF /* done.wav */; };
		55822C9BFDFA083F46538E18 /* InputScreen.swift in Sources */ = {isa = PBXBuildFile; fileRef = A71B92D034763DE468A9B192 /* InputScreen.swift */; };
		595CA3F9D9D8955230A191E9 /* lock.wav in Resources */ = {isa = PBXBuildFile; fileRef = DC7B1CF87F81DDD8447A9F9E /* lock.wav */; };
		5CCADBE8B8F411CF3F3C4F02 /* Ears.swift in Sources */ = {isa = PBXBuildFile; fileRef = F5DF6820A852E7C23D22D0E7 /* Ears.swift */; };
		67B32EDED687276F2589F84C /* SoundPlayer.swift in Sources */ = {isa = PBXBuildFile; fileRef = E56F5D4BBD7B2B4AE02569F0 /* SoundPlayer.swift */; };
		685900E74183CDE7E15D9F38 /* pull.wav in Resources */ = {isa = PBXBuildFile; fileRef = A32B96D581F3437937156CB4 /* pull.wav */; };
		6903B6EA3EFE03FD132F1EE6 /* close.wav in Resources */ = {isa = PBXBuildFile; fileRef = C32CFC1B695956AFADB9D64A /* close.wav */; };
		6CA0C75B211307D715345AB7 /* HotkeyCenter.swift in Sources */ = {isa = PBXBuildFile; fileRef = 8C61F301664502709E564CDF /* HotkeyCenter.swift */; };
		744C4DA0616715CA8F13E0E3 /* CaptureWriter.swift in Sources */ = {isa = PBXBuildFile; fileRef = C73F216E3CE38E102D5005B5 /* CaptureWriter.swift */; };
		8170C74E7F6D7B920001BF68 /* RotationBridge in Frameworks */ = {isa = PBXBuildFile; productRef = 60FB5A278ECE687FE4125D81 /* RotationBridge */; };
		93B7A147CC181CEEE87F6A67 /* TabGrabber.swift in Sources */ = {isa = PBXBuildFile; fileRef = 14EA6ACC019B45092C3EA83F /* TabGrabber.swift */; };
		96FEB60C7C7C3E9D5732D61D /* TutorialWindow.swift in Sources */ = {isa = PBXBuildFile; fileRef = 7FD465E714E33082FAF68F0F /* TutorialWindow.swift */; };
		97991B07DCC96FCDD6270D95 /* NotchController.swift in Sources */ = {isa = PBXBuildFile; fileRef = 52C4D7A25F9A4B4AFDC14175 /* NotchController.swift */; };
		9A9F7D8938DD9E007ACD71AD /* nope.wav in Resources */ = {isa = PBXBuildFile; fileRef = DDC02C1C08208837268594D9 /* nope.wav */; };
		9B849C6E14DE3E5AA790682A /* TunerScreen.swift in Sources */ = {isa = PBXBuildFile; fileRef = 15B0CA31E1B68B8E4051D163 /* TunerScreen.swift */; };
		A60CB64F883644D985BB07D8 /* LineScreen.swift in Sources */ = {isa = PBXBuildFile; fileRef = ACDE555FC266143CCAEDA448 /* LineScreen.swift */; };
		B201DDCF2C6D78E79BF879A3 /* Mouth.swift in Sources */ = {isa = PBXBuildFile; fileRef = 5099179F12E38183C31F02FD /* Mouth.swift */; };
		B8496229A0CA4E5BA8769B19 /* HotKey in Frameworks */ = {isa = PBXBuildFile; productRef = DA5E95161E36329A817B9001 /* HotKey */; };
		BBE958D532707112CDE07C02 /* MicTuner.swift in Sources */ = {isa = PBXBuildFile; fileRef = A5CB8BA6CB2769783FE3CD0A /* MicTuner.swift */; };
		C8EE6B79F3FA6E9BBA7A0E49 /* IBMPlexMono-OFL.txt in Resources */ = {isa = PBXBuildFile; fileRef = 2DEBF9617467FDC6755ABF48 /* IBMPlexMono-OFL.txt */; };
		CEBCA7D1380BBC2146B0E195 /* SettingsWindow.swift in Sources */ = {isa = PBXBuildFile; fileRef = 941F6BEB71032268347529CF /* SettingsWindow.swift */; };
		D5C94ACEE3C0997D4ADB278A /* grain.png in Resources */ = {isa = PBXBuildFile; fileRef = 4077E338B48FE2F35C039F0B /* grain.png */; };
		E1BD29C0BBEA4C36BF23D67F /* IBMPlexMono-Medium.ttf in Resources */ = {isa = PBXBuildFile; fileRef = FC5903B1809E7EF27D8D66C9 /* IBMPlexMono-Medium.ttf */; };
		E201F65010F8C764C15B8217 /* AskClient.swift in Sources */ = {isa = PBXBuildFile; fileRef = 77B6CE38E374590A3D69B55F /* AskClient.swift */; };
		E30D087A75EF0CE41F2DCE51 /* save.wav in Resources */ = {isa = PBXBuildFile; fileRef = BF6160517C4DB689A7A98ADE /* save.wav */; };
		E51E5A469FA7AB2A9EC3EF7A /* BrochachoApp.swift in Sources */ = {isa = PBXBuildFile; fileRef = D97E857020B24426078C4C3C /* BrochachoApp.swift */; };
		F413C2140921CDE3915F2DD8 /* answer.wav in Resources */ = {isa = PBXBuildFile; fileRef = CE4E3927AE6AB8C2EC72D44F /* answer.wav */; };
/* End PBXBuildFile section */

/* Begin PBXFileReference section */
		0F263C9C21051B7D17A410BD /* AppIndex.swift */ = {isa = PBXFileReference; lastKnownFileType = sourcecode.swift; path = AppIndex.swift; sourceTree = "<group>"; };
		14915ED8F23A7E43FA2DC473 /* NotchSensor.swift */ = {isa = PBXFileReference; lastKnownFileType = sourcecode.swift; path = NotchSensor.swift; sourceTree = "<group>"; };
		14EA6ACC019B45092C3EA83F /* TabGrabber.swift */ = {isa = PBXFileReference; lastKnownFileType = sourcecode.swift; path = TabGrabber.swift; sourceTree = "<group>"; };
		15B0CA31E1B68B8E4051D163 /* TunerScreen.swift */ = {isa = PBXFileReference; lastKnownFileType = sourcecode.swift; path = TunerScreen.swift; sourceTree = "<group>"; };
		1B4DE10B972177024AB22077 /* GlanceScreen.swift */ = {isa = PBXFileReference; lastKnownFileType = sourcecode.swift; path = GlanceScreen.swift; sourceTree = "<group>"; };
		2DEBF9617467FDC6755ABF48 /* IBMPlexMono-OFL.txt */ = {isa = PBXFileReference; lastKnownFileType = text; path = "IBMPlexMono-OFL.txt"; sourceTree = "<group>"; };
		2F25107E1E51E2A0BB8ECF7B /* RotationBridge */ = {isa = PBXFileReference; lastKnownFileType = folder; name = RotationBridge; path = RotationBridge; sourceTree = SOURCE_ROOT; };
		3241D1C4BC2F559AE0597EDF /* ScreenRotator.swift */ = {isa = PBXFileReference; lastKnownFileType = sourcecode.swift; path = ScreenRotator.swift; sourceTree = "<group>"; };
		32D421C1069E6051F3AFEC3A /* IBMPlexMono-Regular.ttf */ = {isa = PBXFileReference; lastKnownFileType = file; path = "IBMPlexMono-Regular.ttf"; sourceTree = "<group>"; };
		4077E338B48FE2F35C039F0B /* grain.png */ = {isa = PBXFileReference; lastKnownFileType = image.png; path = grain.png; sourceTree = "<group>"; };
		5099179F12E38183C31F02FD /* Mouth.swift */ = {isa = PBXFileReference; lastKnownFileType = sourcecode.swift; path = Mouth.swift; sourceTree = "<group>"; };
		52C4D7A25F9A4B4AFDC14175 /* NotchController.swift */ = {isa = PBXFileReference; lastKnownFileType = sourcecode.swift; path = NotchController.swift; sourceTree = "<group>"; };
		53CC96ED79273D5A25EA4B2D /* DynamicNotchKit */ = {isa = PBXFileReference; lastKnownFileType = folder; name = DynamicNotchKit; path = Vendor/DynamicNotchKit; sourceTree = SOURCE_ROOT; };
		65E2E330FBBE845910C5D42B /* NotchRootView.swift */ = {isa = PBXFileReference; lastKnownFileType = sourcecode.swift; path = NotchRootView.swift; sourceTree = "<group>"; };
		77B6CE38E374590A3D69B55F /* AskClient.swift */ = {isa = PBXFileReference; lastKnownFileType = sourcecode.swift; path = AskClient.swift; sourceTree = "<group>"; };
		7B22B9D9AB13763D4C5DDC94 /* Brain.swift */ = {isa = PBXFileReference; lastKnownFileType = sourcecode.swift; path = Brain.swift; sourceTree = "<group>"; };
		7FD465E714E33082FAF68F0F /* TutorialWindow.swift */ = {isa = PBXFileReference; lastKnownFileType = sourcecode.swift; path = TutorialWindow.swift; sourceTree = "<group>"; };
		8C61F301664502709E564CDF /* HotkeyCenter.swift */ = {isa = PBXFileReference; lastKnownFileType = sourcecode.swift; path = HotkeyCenter.swift; sourceTree = "<group>"; };
		8D0183D43C328444C43D926E /* Brochacho.app */ = {isa = PBXFileReference; explicitFileType = wrapper.application; includeInIndex = 0; path = Brochacho.app; sourceTree = BUILT_PRODUCTS_DIR; };
		941F6BEB71032268347529CF /* SettingsWindow.swift */ = {isa = PBXFileReference; lastKnownFileType = sourcecode.swift; path = SettingsWindow.swift; sourceTree = "<group>"; };
		969E69220C1BAA7DADE04503 /* Theme.swift */ = {isa = PBXFileReference; lastKnownFileType = sourcecode.swift; path = Theme.swift; sourceTree = "<group>"; };
		9AC70350CCE7BC9E79DDCF05 /* AnswerScreen.swift */ = {isa = PBXFileReference; lastKnownFileType = sourcecode.swift; path = AnswerScreen.swift; sourceTree = "<group>"; };
		9B8978B7328CE17D96C0A0A2 /* lines.json */ = {isa = PBXFileReference; lastKnownFileType = text.json; path = lines.json; sourceTree = "<group>"; };
		A32B96D581F3437937156CB4 /* pull.wav */ = {isa = PBXFileReference; lastKnownFileType = audio.wav; path = pull.wav; sourceTree = "<group>"; };
		A5CB8BA6CB2769783FE3CD0A /* MicTuner.swift */ = {isa = PBXFileReference; lastKnownFileType = sourcecode.swift; path = MicTuner.swift; sourceTree = "<group>"; };
		A71B92D034763DE468A9B192 /* InputScreen.swift */ = {isa = PBXFileReference; lastKnownFileType = sourcecode.swift; path = InputScreen.swift; sourceTree = "<group>"; };
		AA2724C9EE01C857C37254FF /* done.wav */ = {isa = PBXFileReference; lastKnownFileType = audio.wav; path = done.wav; sourceTree = "<group>"; };
		ACDE555FC266143CCAEDA448 /* LineScreen.swift */ = {isa = PBXFileReference; lastKnownFileType = sourcecode.swift; path = LineScreen.swift; sourceTree = "<group>"; };
		B0FAAAFDF8B39FAE9E3DCC7F /* open.wav */ = {isa = PBXFileReference; lastKnownFileType = audio.wav; path = open.wav; sourceTree = "<group>"; };
		BF6160517C4DB689A7A98ADE /* save.wav */ = {isa = PBXFileReference; lastKnownFileType = audio.wav; path = save.wav; sourceTree = "<group>"; };
		C32CFC1B695956AFADB9D64A /* close.wav */ = {isa = PBXFileReference; lastKnownFileType = audio.wav; path = close.wav; sourceTree = "<group>"; };
		C73F216E3CE38E102D5005B5 /* CaptureWriter.swift */ = {isa = PBXFileReference; lastKnownFileType = sourcecode.swift; path = CaptureWriter.swift; sourceTree = "<group>"; };
		CDD9E16F3B09AD76328490EE /* brochacho */ = {isa = PBXFileReference; lastKnownFileType = folder; name = brochacho; path = ..; sourceTree = SOURCE_ROOT; };
		CE4E3927AE6AB8C2EC72D44F /* answer.wav */ = {isa = PBXFileReference; lastKnownFileType = audio.wav; path = answer.wav; sourceTree = "<group>"; };
		CF9D19B097100290B6DA6955 /* NotchModel.swift */ = {isa = PBXFileReference; lastKnownFileType = sourcecode.swift; path = NotchModel.swift; sourceTree = "<group>"; };
		D97E857020B24426078C4C3C /* BrochachoApp.swift */ = {isa = PBXFileReference; lastKnownFileType = sourcecode.swift; path = BrochachoApp.swift; sourceTree = "<group>"; };
		DB8D25B85BE22DF85EA519F0 /* Opener.swift */ = {isa = PBXFileReference; lastKnownFileType = sourcecode.swift; path = Opener.swift; sourceTree = "<group>"; };
		DC7B1CF87F81DDD8447A9F9E /* lock.wav */ = {isa = PBXFileReference; lastKnownFileType = audio.wav; path = lock.wav; sourceTree = "<group>"; };
		DD965EE3C2AC1CE7E68FF2EF /* TimerScreen.swift */ = {isa = PBXFileReference; lastKnownFileType = sourcecode.swift; path = TimerScreen.swift; sourceTree = "<group>"; };
		DDC02C1C08208837268594D9 /* nope.wav */ = {isa = PBXFileReference; lastKnownFileType = audio.wav; path = nope.wav; sourceTree = "<group>"; };
		DE821C0A53D10749105ED01B /* Info.plist */ = {isa = PBXFileReference; lastKnownFileType = text.plist; path = Info.plist; sourceTree = "<group>"; };
		E56F5D4BBD7B2B4AE02569F0 /* SoundPlayer.swift */ = {isa = PBXFileReference; lastKnownFileType = sourcecode.swift; path = SoundPlayer.swift; sourceTree = "<group>"; };
		F5DF6820A852E7C23D22D0E7 /* Ears.swift */ = {isa = PBXFileReference; lastKnownFileType = sourcecode.swift; path = Ears.swift; sourceTree = "<group>"; };
		FC5903B1809E7EF27D8D66C9 /* IBMPlexMono-Medium.ttf */ = {isa = PBXFileReference; lastKnownFileType = file; path = "IBMPlexMono-Medium.ttf"; sourceTree = "<group>"; };
/* End PBXFileReference section */

/* Begin PBXFrameworksBuildPhase section */
		75CDAFBB9EF1BFF49B258DE5 /* Frameworks */ = {
			isa = PBXFrameworksBuildPhase;
			buildActionMask = 2147483647;
			files = (
				143F13A7C6D83EB4B2040655 /* BrochachoCore in Frameworks */,
				3D7C17C7C827804C2678387C /* DynamicNotchKit in Frameworks */,
				B8496229A0CA4E5BA8769B19 /* HotKey in Frameworks */,
				8170C74E7F6D7B920001BF68 /* RotationBridge in Frameworks */,
			);
			runOnlyForDeploymentPostprocessing = 0;
		};
/* End PBXFrameworksBuildPhase section */

/* Begin PBXGroup section */
		0C66342FC75B8CE364587832 /* sounds */ = {
			isa = PBXGroup;
			children = (
				CE4E3927AE6AB8C2EC72D44F /* answer.wav */,
				C32CFC1B695956AFADB9D64A /* close.wav */,
				AA2724C9EE01C857C37254FF /* done.wav */,
				DC7B1CF87F81DDD8447A9F9E /* lock.wav */,
				DDC02C1C08208837268594D9 /* nope.wav */,
				B0FAAAFDF8B39FAE9E3DCC7F /* open.wav */,
				A32B96D581F3437937156CB4 /* pull.wav */,
				BF6160517C4DB689A7A98ADE /* save.wav */,
			);
			path = sounds;
			sourceTree = "<group>";
		};
		254304C1FA5AA42676884C0D /* Packages */ = {
			isa = PBXGroup;
			children = (
				CDD9E16F3B09AD76328490EE /* brochacho */,
				53CC96ED79273D5A25EA4B2D /* DynamicNotchKit */,
				2F25107E1E51E2A0BB8ECF7B /* RotationBridge */,
			);
			name = Packages;
			sourceTree = "<group>";
		};
		3CFE35381FD759377FED88AA /* fonts */ = {
			isa = PBXGroup;
			children = (
				FC5903B1809E7EF27D8D66C9 /* IBMPlexMono-Medium.ttf */,
				2DEBF9617467FDC6755ABF48 /* IBMPlexMono-OFL.txt */,
				32D421C1069E6051F3AFEC3A /* IBMPlexMono-Regular.ttf */,
			);
			path = fonts;
			sourceTree = "<group>";
		};
		72673F7505A8680875BCF338 = {
			isa = PBXGroup;
			children = (
				9D89D6B948E4171FAFCD250E /* Brochacho */,
				254304C1FA5AA42676884C0D /* Packages */,
				ED5E75B505C4E027F8851959 /* Products */,
			);
			sourceTree = "<group>";
		};
		7B963B22A0248287FBCA1F2F /* Views */ = {
			isa = PBXGroup;
			children = (
				9AC70350CCE7BC9E79DDCF05 /* AnswerScreen.swift */,
				1B4DE10B972177024AB22077 /* GlanceScreen.swift */,
				A71B92D034763DE468A9B192 /* InputScreen.swift */,
				ACDE555FC266143CCAEDA448 /* LineScreen.swift */,
				65E2E330FBBE845910C5D42B /* NotchRootView.swift */,
				DD965EE3C2AC1CE7E68FF2EF /* TimerScreen.swift */,
				15B0CA31E1B68B8E4051D163 /* TunerScreen.swift */,
			);
			path = Views;
			sourceTree = "<group>";
		};
		9429A8EC70A15175C056BDAD /* textures */ = {
			isa = PBXGroup;
			children = (
				4077E338B48FE2F35C039F0B /* grain.png */,
			);
			path = textures;
			sourceTree = "<group>";
		};
		9D89D6B948E4171FAFCD250E /* Brochacho */ = {
			isa = PBXGroup;
			children = (
				0F263C9C21051B7D17A410BD /* AppIndex.swift */,
				77B6CE38E374590A3D69B55F /* AskClient.swift */,
				7B22B9D9AB13763D4C5DDC94 /* Brain.swift */,
				D97E857020B24426078C4C3C /* BrochachoApp.swift */,
				C73F216E3CE38E102D5005B5 /* CaptureWriter.swift */,
				F5DF6820A852E7C23D22D0E7 /* Ears.swift */,
				8C61F301664502709E564CDF /* HotkeyCenter.swift */,
				DE821C0A53D10749105ED01B /* Info.plist */,
				A5CB8BA6CB2769783FE3CD0A /* MicTuner.swift */,
				5099179F12E38183C31F02FD /* Mouth.swift */,
				52C4D7A25F9A4B4AFDC14175 /* NotchController.swift */,
				CF9D19B097100290B6DA6955 /* NotchModel.swift */,
				14915ED8F23A7E43FA2DC473 /* NotchSensor.swift */,
				DB8D25B85BE22DF85EA519F0 /* Opener.swift */,
				3241D1C4BC2F559AE0597EDF /* ScreenRotator.swift */,
				941F6BEB71032268347529CF /* SettingsWindow.swift */,
				E56F5D4BBD7B2B4AE02569F0 /* SoundPlayer.swift */,
				14EA6ACC019B45092C3EA83F /* TabGrabber.swift */,
				969E69220C1BAA7DADE04503 /* Theme.swift */,
				7FD465E714E33082FAF68F0F /* TutorialWindow.swift */,
				DC978210E1DBB509347FD475 /* Resources */,
				7B963B22A0248287FBCA1F2F /* Views */,
			);
			path = Brochacho;
			sourceTree = "<group>";
		};
		DC978210E1DBB509347FD475 /* Resources */ = {
			isa = PBXGroup;
			children = (
				9B8978B7328CE17D96C0A0A2 /* lines.json */,
				3CFE35381FD759377FED88AA /* fonts */,
				0C66342FC75B8CE364587832 /* sounds */,
				9429A8EC70A15175C056BDAD /* textures */,
			);
			path = Resources;
			sourceTree = "<group>";
		};
		ED5E75B505C4E027F8851959 /* Products */ = {
			isa = PBXGroup;
			children = (
				8D0183D43C328444C43D926E /* Brochacho.app */,
			);
			name = Products;
			sourceTree = "<group>";
		};
/* End PBXGroup section */

/* Begin PBXNativeTarget section */
		5A2942169E5BCBF1C3BF2EFC /* Brochacho */ = {
			isa = PBXNativeTarget;
			buildConfigurationList = C3F68FCF073A4E07EFC76ABC /* Build configuration list for PBXNativeTarget "Brochacho" */;
			buildPhases = (
				D8A432CB91D6E0138313480D /* Sources */,
				DAE08BB5B062288525C7FD15 /* Resources */,
				75CDAFBB9EF1BFF49B258DE5 /* Frameworks */,
			);
			buildRules = (
			);
			dependencies = (
			);
			name = Brochacho;
			packageProductDependencies = (
				F30797B154EE6794DC25DE3F /* BrochachoCore */,
				A4E8DDD2ADA3D6B9E74F739E /* DynamicNotchKit */,
				DA5E95161E36329A817B9001 /* HotKey */,
				60FB5A278ECE687FE4125D81 /* RotationBridge */,
			);
			productName = Brochacho;
			productReference = 8D0183D43C328444C43D926E /* Brochacho.app */;
			productType = "com.apple.product-type.application";
		};
/* End PBXNativeTarget section */

/* Begin PBXProject section */
		B94E0186F93014DF2DAE9405 /* Project object */ = {
			isa = PBXProject;
			attributes = {
				BuildIndependentTargetsInParallel = YES;
				LastUpgradeCheck = 1430;
				TargetAttributes = {
					5A2942169E5BCBF1C3BF2EFC = {
						ProvisioningStyle = Automatic;
					};
				};
			};
			buildConfigurationList = 75DB687C35A445EF7D6C69B2 /* Build configuration list for PBXProject "Brochacho" */;
			developmentRegion = en;
			hasScannedForEncodings = 0;
			knownRegions = (
				Base,
				en,
			);
			mainGroup = 72673F7505A8680875BCF338;
			minimizedProjectReferenceProxies = 1;
			packageReferences = (
				E8BDF4DB8E64C27BDECE2063 /* XCRemoteSwiftPackageReference "HotKey" */,
				8B2103F0F9A39EA7DBABD430 /* XCLocalSwiftPackageReference ".." */,
				70B55B775D1BB2341C4DABD8 /* XCLocalSwiftPackageReference "Vendor/DynamicNotchKit" */,
				447770F3FF7DE489D3B4ACC1 /* XCLocalSwiftPackageReference "RotationBridge" */,
			);
			preferredProjectObjectVersion = 77;
			productRefGroup = ED5E75B505C4E027F8851959 /* Products */;
			projectDirPath = "";
			projectRoot = "";
			targets = (
				5A2942169E5BCBF1C3BF2EFC /* Brochacho */,
			);
		};
/* End PBXProject section */

/* Begin PBXResourcesBuildPhase section */
		DAE08BB5B062288525C7FD15 /* Resources */ = {
			isa = PBXResourcesBuildPhase;
			buildActionMask = 2147483647;
			files = (
				E1BD29C0BBEA4C36BF23D67F /* IBMPlexMono-Medium.ttf in Resources */,
				C8EE6B79F3FA6E9BBA7A0E49 /* IBMPlexMono-OFL.txt in Resources */,
				3A05091D044AB5FCD0494C2D /* IBMPlexMono-Regular.ttf in Resources */,
				F413C2140921CDE3915F2DD8 /* answer.wav in Resources */,
				6903B6EA3EFE03FD132F1EE6 /* close.wav in Resources */,
				515C0F02AD9A13CDC59A26F7 /* done.wav in Resources */,
				D5C94ACEE3C0997D4ADB278A /* grain.png in Resources */,
				41E5719811704875C190FB87 /* lines.json in Resources */,
				595CA3F9D9D8955230A191E9 /* lock.wav in Resources */,
				9A9F7D8938DD9E007ACD71AD /* nope.wav in Resources */,
				412443DE1915870E0FEBB981 /* open.wav in Resources */,
				685900E74183CDE7E15D9F38 /* pull.wav in Resources */,
				E30D087A75EF0CE41F2DCE51 /* save.wav in Resources */,
			);
			runOnlyForDeploymentPostprocessing = 0;
		};
/* End PBXResourcesBuildPhase section */

/* Begin PBXSourcesBuildPhase section */
		D8A432CB91D6E0138313480D /* Sources */ = {
			isa = PBXSourcesBuildPhase;
			buildActionMask = 2147483647;
			files = (
				112328CDD00D829D12476469 /* AnswerScreen.swift in Sources */,
				0A5C9CE8637514C25922F50E /* AppIndex.swift in Sources */,
				E201F65010F8C764C15B8217 /* AskClient.swift in Sources */,
				1668BB39BAF83CC943B2F80D /* Brain.swift in Sources */,
				E51E5A469FA7AB2A9EC3EF7A /* BrochachoApp.swift in Sources */,
				744C4DA0616715CA8F13E0E3 /* CaptureWriter.swift in Sources */,
				5CCADBE8B8F411CF3F3C4F02 /* Ears.swift in Sources */,
				45080DAFAAA78B5CD467A42E /* GlanceScreen.swift in Sources */,
				6CA0C75B211307D715345AB7 /* HotkeyCenter.swift in Sources */,
				55822C9BFDFA083F46538E18 /* InputScreen.swift in Sources */,
				A60CB64F883644D985BB07D8 /* LineScreen.swift in Sources */,
				BBE958D532707112CDE07C02 /* MicTuner.swift in Sources */,
				B201DDCF2C6D78E79BF879A3 /* Mouth.swift in Sources */,
				97991B07DCC96FCDD6270D95 /* NotchController.swift in Sources */,
				502444CE30724A7F355F342B /* NotchModel.swift in Sources */,
				2C793EFC3B7A6A0F61250471 /* NotchRootView.swift in Sources */,
				27DE230E0955F6D685B6DF2E /* NotchSensor.swift in Sources */,
				07747E3124979A3F8FDBAF6D /* Opener.swift in Sources */,
				1D776E48BA5817AC61A7939F /* ScreenRotator.swift in Sources */,
				CEBCA7D1380BBC2146B0E195 /* SettingsWindow.swift in Sources */,
				67B32EDED687276F2589F84C /* SoundPlayer.swift in Sources */,
				93B7A147CC181CEEE87F6A67 /* TabGrabber.swift in Sources */,
				3F5746F57618D729634F3C16 /* Theme.swift in Sources */,
				0732CB87E285232D2AB66B2A /* TimerScreen.swift in Sources */,
				9B849C6E14DE3E5AA790682A /* TunerScreen.swift in Sources */,
				96FEB60C7C7C3E9D5732D61D /* TutorialWindow.swift in Sources */,
			);
			runOnlyForDeploymentPostprocessing = 0;
		};
/* End PBXSourcesBuildPhase section */

/* Begin XCBuildConfiguration section */
		0376F8F7C942838DFFF540F8 /* Release */ = {
			isa = XCBuildConfiguration;
			buildSettings = {
				ALWAYS_SEARCH_USER_PATHS = NO;
				CLANG_ANALYZER_NONNULL = YES;
				CLANG_ANALYZER_NUMBER_OBJECT_CONVERSION = YES_AGGRESSIVE;
				CLANG_CXX_LANGUAGE_STANDARD = "gnu++14";
				CLANG_CXX_LIBRARY = "libc++";
				CLANG_ENABLE_MODULES = YES;
				CLANG_ENABLE_OBJC_ARC = YES;
				CLANG_ENABLE_OBJC_WEAK = YES;
				CLANG_WARN_BLOCK_CAPTURE_AUTORELEASING = YES;
				CLANG_WARN_BOOL_CONVERSION = YES;
				CLANG_WARN_COMMA = YES;
				CLANG_WARN_CONSTANT_CONVERSION = YES;
				CLANG_WARN_DEPRECATED_OBJC_IMPLEMENTATIONS = YES;
				CLANG_WARN_DIRECT_OBJC_ISA_USAGE = YES_ERROR;
				CLANG_WARN_DOCUMENTATION_COMMENTS = YES;
				CLANG_WARN_EMPTY_BODY = YES;
				CLANG_WARN_ENUM_CONVERSION = YES;
				CLANG_WARN_INFINITE_RECURSION = YES;
				CLANG_WARN_INT_CONVERSION = YES;
				CLANG_WARN_NON_LITERAL_NULL_CONVERSION = YES;
				CLANG_WARN_OBJC_IMPLICIT_RETAIN_SELF = YES;
				CLANG_WARN_OBJC_LITERAL_CONVERSION = YES;
				CLANG_WARN_OBJC_ROOT_CLASS = YES_ERROR;
				CLANG_WARN_QUOTED_INCLUDE_IN_FRAMEWORK_HEADER = YES;
				CLANG_WARN_RANGE_LOOP_ANALYSIS = YES;
				CLANG_WARN_STRICT_PROTOTYPES = YES;
				CLANG_WARN_SUSPICIOUS_MOVE = YES;
				CLANG_WARN_UNGUARDED_AVAILABILITY = YES_AGGRESSIVE;
				CLANG_WARN_UNREACHABLE_CODE = YES;
				CLANG_WARN__DUPLICATE_METHOD_MATCH = YES;
				COPY_PHASE_STRIP = NO;
				DEBUG_INFORMATION_FORMAT = "dwarf-with-dsym";
				ENABLE_NS_ASSERTIONS = NO;
				ENABLE_STRICT_OBJC_MSGSEND = YES;
				GCC_C_LANGUAGE_STANDARD = gnu11;
				GCC_NO_COMMON_BLOCKS = YES;
				GCC_WARN_64_TO_32_BIT_CONVERSION = YES;
				GCC_WARN_ABOUT_RETURN_TYPE = YES_ERROR;
				GCC_WARN_UNDECLARED_SELECTOR = YES;
				GCC_WARN_UNINITIALIZED_AUTOS = YES_AGGRESSIVE;
				GCC_WARN_UNUSED_FUNCTION = YES;
				GCC_WARN_UNUSED_VARIABLE = YES;
				MACOSX_DEPLOYMENT_TARGET = 13.0;
				MTL_ENABLE_DEBUG_INFO = NO;
				MTL_FAST_MATH = YES;
				PRODUCT_NAME = "$(TARGET_NAME)";
				SDKROOT = macosx;
				SWIFT_COMPILATION_MODE = wholemodule;
				SWIFT_OPTIMIZATION_LEVEL = "-O";
				SWIFT_VERSION = 5.0;
			};
			name = Release;
		};
		097EC5C7D73C4BEEA6EA6DF5 /* Debug */ = {
			isa = XCBuildConfiguration;
			buildSettings = {
				ASSETCATALOG_COMPILER_APPICON_NAME = AppIcon;
				CODE_SIGN_IDENTITY = "-";
				CODE_SIGN_STYLE = Automatic;
				COMBINE_HIDPI_IMAGES = YES;
				ENABLE_APP_SANDBOX = NO;
				ENABLE_HARDENED_RUNTIME = NO;
				GENERATE_INFOPLIST_FILE = NO;
				INFOPLIST_FILE = Brochacho/Info.plist;
				LD_RUNPATH_SEARCH_PATHS = (
					"$(inherited)",
					"@executable_path/../Frameworks",
				);
				MACOSX_DEPLOYMENT_TARGET = 13.0;
				PRODUCT_BUNDLE_IDENTIFIER = com.adi.brochacho;
				SDKROOT = macosx;
				SWIFT_VERSION = 5.0;
			};
			name = Debug;
		};
		6DC2445CCB7419308F00BDDC /* Debug */ = {
			isa = XCBuildConfiguration;
			buildSettings = {
				ALWAYS_SEARCH_USER_PATHS = NO;
				CLANG_ANALYZER_NONNULL = YES;
				CLANG_ANALYZER_NUMBER_OBJECT_CONVERSION = YES_AGGRESSIVE;
				CLANG_CXX_LANGUAGE_STANDARD = "gnu++14";
				CLANG_CXX_LIBRARY = "libc++";
				CLANG_ENABLE_MODULES = YES;
				CLANG_ENABLE_OBJC_ARC = YES;
				CLANG_ENABLE_OBJC_WEAK = YES;
				CLANG_WARN_BLOCK_CAPTURE_AUTORELEASING = YES;
				CLANG_WARN_BOOL_CONVERSION = YES;
				CLANG_WARN_COMMA = YES;
				CLANG_WARN_CONSTANT_CONVERSION = YES;
				CLANG_WARN_DEPRECATED_OBJC_IMPLEMENTATIONS = YES;
				CLANG_WARN_DIRECT_OBJC_ISA_USAGE = YES_ERROR;
				CLANG_WARN_DOCUMENTATION_COMMENTS = YES;
				CLANG_WARN_EMPTY_BODY = YES;
				CLANG_WARN_ENUM_CONVERSION = YES;
				CLANG_WARN_INFINITE_RECURSION = YES;
				CLANG_WARN_INT_CONVERSION = YES;
				CLANG_WARN_NON_LITERAL_NULL_CONVERSION = YES;
				CLANG_WARN_OBJC_IMPLICIT_RETAIN_SELF = YES;
				CLANG_WARN_OBJC_LITERAL_CONVERSION = YES;
				CLANG_WARN_OBJC_ROOT_CLASS = YES_ERROR;
				CLANG_WARN_QUOTED_INCLUDE_IN_FRAMEWORK_HEADER = YES;
				CLANG_WARN_RANGE_LOOP_ANALYSIS = YES;
				CLANG_WARN_STRICT_PROTOTYPES = YES;
				CLANG_WARN_SUSPICIOUS_MOVE = YES;
				CLANG_WARN_UNGUARDED_AVAILABILITY = YES_AGGRESSIVE;
				CLANG_WARN_UNREACHABLE_CODE = YES;
				CLANG_WARN__DUPLICATE_METHOD_MATCH = YES;
				COPY_PHASE_STRIP = NO;
				DEBUG_INFORMATION_FORMAT = dwarf;
				ENABLE_STRICT_OBJC_MSGSEND = YES;
				ENABLE_TESTABILITY = YES;
				GCC_C_LANGUAGE_STANDARD = gnu11;
				GCC_DYNAMIC_NO_PIC = NO;
				GCC_NO_COMMON_BLOCKS = YES;
				GCC_OPTIMIZATION_LEVEL = 0;
				GCC_PREPROCESSOR_DEFINITIONS = (
					"$(inherited)",
					"DEBUG=1",
				);
				GCC_WARN_64_TO_32_BIT_CONVERSION = YES;
				GCC_WARN_ABOUT_RETURN_TYPE = YES_ERROR;
				GCC_WARN_UNDECLARED_SELECTOR = YES;
				GCC_WARN_UNINITIALIZED_AUTOS = YES_AGGRESSIVE;
				GCC_WARN_UNUSED_FUNCTION = YES;
				GCC_WARN_UNUSED_VARIABLE = YES;
				MACOSX_DEPLOYMENT_TARGET = 13.0;
				MTL_ENABLE_DEBUG_INFO = INCLUDE_SOURCE;
				MTL_FAST_MATH = YES;
				ONLY_ACTIVE_ARCH = YES;
				PRODUCT_NAME = "$(TARGET_NAME)";
				SDKROOT = macosx;
				SWIFT_ACTIVE_COMPILATION_CONDITIONS = DEBUG;
				SWIFT_OPTIMIZATION_LEVEL = "-Onone";
				SWIFT_VERSION = 5.0;
			};
			name = Debug;
		};
		F20D96098969ACA9706E3E5B /* Release */ = {
			isa = XCBuildConfiguration;
			buildSettings = {
				ASSETCATALOG_COMPILER_APPICON_NAME = AppIcon;
				CODE_SIGN_IDENTITY = "-";
				CODE_SIGN_STYLE = Automatic;
				COMBINE_HIDPI_IMAGES = YES;
				ENABLE_APP_SANDBOX = NO;
				ENABLE_HARDENED_RUNTIME = NO;
				GENERATE_INFOPLIST_FILE = NO;
				INFOPLIST_FILE = Brochacho/Info.plist;
				LD_RUNPATH_SEARCH_PATHS = (
					"$(inherited)",
					"@executable_path/../Frameworks",
				);
				MACOSX_DEPLOYMENT_TARGET = 13.0;
				PRODUCT_BUNDLE_IDENTIFIER = com.adi.brochacho;
				SDKROOT = macosx;
				SWIFT_VERSION = 5.0;
			};
			name = Release;
		};
/* End XCBuildConfiguration section */

/* Begin XCConfigurationList section */
		75DB687C35A445EF7D6C69B2 /* Build configuration list for PBXProject "Brochacho" */ = {
			isa = XCConfigurationList;
			buildConfigurations = (
				6DC2445CCB7419308F00BDDC /* Debug */,
				0376F8F7C942838DFFF540F8 /* Release */,
			);
			defaultConfigurationIsVisible = 0;
			defaultConfigurationName = Debug;
		};
		C3F68FCF073A4E07EFC76ABC /* Build configuration list for PBXNativeTarget "Brochacho" */ = {
			isa = XCConfigurationList;
			buildConfigurations = (
				097EC5C7D73C4BEEA6EA6DF5 /* Debug */,
				F20D96098969ACA9706E3E5B /* Release */,
			);
			defaultConfigurationIsVisible = 0;
			defaultConfigurationName = Debug;
		};
/* End XCConfigurationList section */

/* Begin XCLocalSwiftPackageReference section */
		447770F3FF7DE489D3B4ACC1 /* XCLocalSwiftPackageReference "RotationBridge" */ = {
			isa = XCLocalSwiftPackageReference;
			relativePath = RotationBridge;
		};
		70B55B775D1BB2341C4DABD8 /* XCLocalSwiftPackageReference "Vendor/DynamicNotchKit" */ = {
			isa = XCLocalSwiftPackageReference;
			relativePath = Vendor/DynamicNotchKit;
		};
		8B2103F0F9A39EA7DBABD430 /* XCLocalSwiftPackageReference ".." */ = {
			isa = XCLocalSwiftPackageReference;
			relativePath = ..;
		};
/* End XCLocalSwiftPackageReference section */

/* Begin XCRemoteSwiftPackageReference section */
		E8BDF4DB8E64C27BDECE2063 /* XCRemoteSwiftPackageReference "HotKey" */ = {
			isa = XCRemoteSwiftPackageReference;
			repositoryURL = "https://github.com/soffes/HotKey";
			requirement = {
				kind = exactVersion;
				version = 0.2.1;
			};
		};
/* End XCRemoteSwiftPackageReference section */

/* Begin XCSwiftPackageProductDependency section */
		60FB5A278ECE687FE4125D81 /* RotationBridge */ = {
			isa = XCSwiftPackageProductDependency;
			productName = RotationBridge;
		};
		A4E8DDD2ADA3D6B9E74F739E /* DynamicNotchKit */ = {
			isa = XCSwiftPackageProductDependency;
			productName = DynamicNotchKit;
		};
		DA5E95161E36329A817B9001 /* HotKey */ = {
			isa = XCSwiftPackageProductDependency;
			package = E8BDF4DB8E64C27BDECE2063 /* XCRemoteSwiftPackageReference "HotKey" */;
			productName = HotKey;
		};
		F30797B154EE6794DC25DE3F /* BrochachoCore */ = {
			isa = XCSwiftPackageProductDependency;
			productName = BrochachoCore;
		};
/* End XCSwiftPackageProductDependency section */
	};
	rootObject = B94E0186F93014DF2DAE9405 /* Project object */;
}
